
Microsoft Visual Studio Solution File, Format Version 12.00
# Visual Studio 15
VisualStudioVersion = 15.0.27703.2018
MinimumVisualStudioVersion = 10.0.40219.1
Project("{FAE04EC0-301F-11D3-BF4B-00C04F79EFBC}") = "SampleMongoDBApplication", "SampleMongoDBApplication\SampleMongoDBApplication.csproj", "{DDCADB8F-A6AD-472B-8A2E-C62A33641C1B}"
EndProject
Global
	GlobalSection(SolutionConfigurationPlatforms) = preSolution
		Debug|Any CPU = Debug|Any CPU
		Release|Any CPU = Release|Any CPU
	EndGlobalSection
	GlobalSection(ProjectConfigurationPlatforms) = postSolution
		{DDCADB8F-A6AD-472B-8A2E-C62A33641C1B}.Debug|Any CPU.ActiveCfg = Debug|Any CPU
		{DDCADB8F-A6AD-472B-8A2E-C62A33641C1B}.Debug|Any CPU.Build.0 = Debug|Any CPU
		{DDCADB8F-A6AD-472B-8A2E-C62A33641C1B}.Release|Any CPU.ActiveCfg = Release|Any CPU
		{DDCADB8F-A6AD-472B-8A2E-C62A33641C1B}.Release|Any CPU.Build.0 = Release|Any CPU
	EndGlobalSection
	GlobalSection(SolutionProperties) = preSolution
		HideSolutionNode = FALSE
	EndGlobalSection
	GlobalSection(ExtensibilityGlobals) = postSolution
		SolutionGuid = {54264444-7A85-465E-A3B7-22BB193D4907}
	EndGlobalSection
EndGlobal
